
Microsoft Visual Studio Solution File, Format Version 12.00
# Visual Studio Version 17
VisualStudioVersion = 17.10.35122.118
MinimumVisualStudioVersion = 10.0.40219.1
Project("{FAE04EC0-301F-11D3-BF4B-00C04F79EFBC}") = "BasicSqlConsoleApp", "BasicSqlConsoleApp.csproj", "{EE1DD477-9586-438E-902D-362ACDB77B4C}"
EndProject
Global
	GlobalSection(SolutionConfigurationPlatforms) = preSolution
		Debug|Any CPU = Debug|Any CPU
		Release|Any CPU = Release|Any CPU
	EndGlobalSection
	GlobalSection(ProjectConfigurationPlatforms) = postSolution
		{EE1DD477-9586-438E-902D-362ACDB77B4C}.Debug|Any CPU.ActiveCfg = Debug|Any CPU
		{EE1DD477-9586-438E-902D-362ACDB77B4C}.Debug|Any CPU.Build.0 = Debug|Any CPU
		{EE1DD477-9586-438E-902D-362ACDB77B4C}.Release|Any CPU.ActiveCfg = Release|Any CPU
		{EE1DD477-9586-438E-902D-362ACDB77B4C}.Release|Any CPU.Build.0 = Release|Any CPU
	EndGlobalSection
	GlobalSection(SolutionProperties) = preSolution
		HideSolutionNode = FALSE
	EndGlobalSection
	GlobalSection(ExtensibilityGlobals) = postSolution
		SolutionGuid = {E64B5DD7-9752-4561-ABB2-EB4A7CE57977}
	EndGlobalSection
EndGlobal
